{
    "_meta": {
        "hash": {
            "sha256": "97dba25318517586c2c235ed5bf3651384047782c630c0060a942dfbd8a90c1c"
        },
        "pipfile-spec": 6,
        "requires": {
            "python_version": "3.7"
        },
        "sources": [
            {
                "name": "pypi",
                "url": "https://pypi.org/simple",
                "verify_ssl": true
            }
        ]
    },
    "default": {
        "alembic": {
            "hashes": [
                "sha256:16505782b229007ae905ef9e0ae6e880fddafa406f086ac7d442c1aaf712f8c2"
            ],
            "version": "==1.0.7"
        },
        "aniso8601": {
            "hashes": [
                "sha256:03c0ffeeb04edeca1ed59684cc6836dc377f58e52e315dc7be3af879909889f4",
                "sha256:ac30cceff24aec920c37b8d74d7d8a5dd37b1f62a90b4f268a6234cabe147080"
            ],
            "version": "==4.1.0"
        },
        "argon2-cffi": {
            "hashes": [
                "sha256:05dd15949be3a7d9f65807fe58fad70526023a319747054bb89da209c4071a33",
                "sha256:07480018d77f4c7447924e6c44c5ba1789a918413fe3efaa391a097958bbd9f6",
                "sha256:10e702dbd98a2148d22de9524a605021bdc55d05304beb90ea801ba58c4a4f1e",
                "sha256:131effd5eabbe08649bc672b5d602fd6e2772b03cfec2ddb2795f9d9babe3fba",
                "sha256:3f3b48b4802e98bb9692d72108ecad2fecea969c254c17660b70ce5730bbe4a6",
                "sha256:4c510232a96e991079a743a9310d3c9a014856cdbca644fccc496db2a1ff0e17",
                "sha256:5f1099b0f5ee4a7148bbd323503983aa4387ab16769ff9b5c51d26f6b0f1719e",
                "sha256:67452b1f10e873ececcea657c25d063e4bb4007e115227a53157369de5848992",
                "sha256:77a3d50e6325df79499e1220b7c38adbd30588c2f6d7c2d764fddb2d3b02e650",
                "sha256:7e4b75611b73f53012117ad21cdde7a17b32d1e99ff6799f22d827eb83a2a59b",
                "sha256:7f4b6d7c38258e76c1db293a6cf55b7e31701927fc773c5108e57578c7f8e09a",
                "sha256:82db759b8a495aaed51aec4762b0f44e5e7ad80256e8baf512ae70cdb3b28c50",
                "sha256:92b3f8f93b19081d520d911f1ce5902693edeeab2181c08aa0bb4130adba51aa",
                "sha256:93f631fa567dbf948f26874476c9e9afb51e0a835372bf1a319df0c5aa071bfb",
                "sha256:9befaa6d9798d9771b8176174ba82160beaf1dcdbcc63cd2dc5212f723e5e2a3",
                "sha256:a14e6d99787a2972d3802615911770fcba9c904401fb0dfb60bdeb250b4c5110",
                "sha256:c60764fe7f62cc52a74f326e366c60f7aa33a1586c8d02107394a01ae9db6e91",
                "sha256:cba2c8c539bed691513ae1bcd5a7da632d2aa2410d8b8ebdf56026eac7e2193f",
                "sha256:d79c918cf8bf981cd23b43a1a547cd1eececb77f3607ba9fa7c0ec01bf1f05a5",
                "sha256:dc3028ec541146924e3c45973b458a7acf390b9e9ee0b64a13ac0853109a69bc",
                "sha256:eb3fcb55224a47b8d50830561977c64761eaad9e349af0b2241eab089af44a14",
                "sha256:f732ca584e81491cc11e3d12e18cbd8c63e137b3f461f378426a6fdaaef47fb0",
                "sha256:fcd5681388d1f18e4a7ee3ff7a9b68650bc04db044b5a0a832728cbce182806d"
            ],
            "index": "pypi",
            "version": "==18.1.0"
        },
        "certifi": {
            "hashes": [
                "sha256:47f9c83ef4c0c621eaef743f133f09fa8a74a9b75f037e8624f83bd1b6626cb7",
                "sha256:993f830721089fef441cdfeb4b2c8c9df86f0c63239f06bd025a76a7daddb033"
            ],
            "version": "==2018.11.29"
        },
        "cffi": {
            "hashes": [
                "sha256:0b5f895714a7a9905148fc51978c62e8a6cbcace30904d39dcd0d9e2265bb2f6",
                "sha256:27cdc7ba35ee6aa443271d11583b50815c4bb52be89a909d0028e86c21961709",
                "sha256:2d4a38049ea93d5ce3c7659210393524c1efc3efafa151bd85d196fa98fce50a",
                "sha256:3262573d0d60fc6b9d0e0e6e666db0e5045cbe8a531779aa0deb3b425ec5a282",
                "sha256:358e96cfffc185ab8f6e7e425c7bb028931ed08d65402fbcf3f4e1bff6e66556",
                "sha256:37c7db824b5687fbd7ea5519acfd054c905951acc53503547c86be3db0580134",
                "sha256:39b9554dfe60f878e0c6ff8a460708db6e1b1c9cc6da2c74df2955adf83e355d",
                "sha256:42b96a77acf8b2d06821600fa87c208046decc13bd22a4a0e65c5c973443e0da",
                "sha256:5b37dde5035d3c219324cac0e69d96495970977f310b306fa2df5910e1f329a1",
                "sha256:5d35819f5566d0dd254f273d60cf4a2dcdd3ae3003dfd412d40b3fe8ffd87509",
                "sha256:5df73aa465e53549bd03c819c1bc69fb85529a5e1a693b7b6cb64408dd3970d1",
                "sha256:7075b361f7a4d0d4165439992d0b8a3cdfad1f302bf246ed9308a2e33b046bd3",
                "sha256:7678b5a667b0381c173abe530d7bdb0e6e3b98e062490618f04b80ca62686d96",
                "sha256:7dfd996192ff8a535458c17f22ff5eb78b83504c34d10eefac0c77b1322609e2",
                "sha256:8a3be5d31d02c60f84c4fd4c98c5e3a97b49f32e16861367f67c49425f955b28",
                "sha256:9812e53369c469506b123aee9dcb56d50c82fad60c5df87feb5ff59af5b5f55c",
                "sha256:9b6f7ba4e78c52c1a291d0c0c0bd745d19adde1a9e1c03cb899f0c6efd6f8033",
                "sha256:a85bc1d7c3bba89b3d8c892bc0458de504f8b3bcca18892e6ed15b5f7a52ad9d",
                "sha256:aa6b9c843ad645ebb12616de848cc4e25a40f633ccc293c3c9fe34107c02c2ea",
                "sha256:bae1aa56ee00746798beafe486daa7cfb586cd395c6ce822ba3068e48d761bc0",
                "sha256:bae96e26510e4825d5910a196bf6b5a11a18b87d9278db6d08413be8ea799469",
                "sha256:bd78df3b594013b227bf31d0301566dc50ba6f40df38a70ded731d5a8f2cb071",
                "sha256:c2711197154f46d06f73542c539a0ff5411f1951fab391e0a4ac8359badef719",
                "sha256:d998c20e3deed234fca993fd6c8314cb7cbfda05fd170f1bd75bb5d7421c3c5a",
                "sha256:df4f840d77d9e37136f8e6b432fecc9d6b8730f18f896e90628712c793466ce6",
                "sha256:f5653c2581acb038319e6705d4e3593677676df14b112f13e0b5b44b6a18df1a",
                "sha256:f7c7aa485a2e2250d455148470ffd0195eecc3d845122635202d7467d6f7b4cf",
                "sha256:f9e2c66a6493147de835f207f198540a56b26745ce4f272fbc7c2f2cfebeb729"
            ],
            "version": "==1.12.1"
        },
        "chardet": {
            "hashes": [
                "sha256:84ab92ed1c4d4f16916e05906b6b75a6c0fb5db821cc65e70cbd64a3e2a5eaae",
                "sha256:fc323ffcaeaed0e0a02bf4d117757b98aed530d9ed4531e3e15460124c106691"
            ],
            "version": "==3.0.4"
        },
        "click": {
            "hashes": [
                "sha256:2335065e6395b9e67ca716de5f7526736bfa6ceead690adf616d925bdc622b13",
                "sha256:5b94b49521f6456670fdb30cd82a4eca9412788a93fa6dd6df72c94d5a8ff2d7"
            ],
            "version": "==7.0"
        },
        "enum34": {
            "hashes": [
                "sha256:2d81cbbe0e73112bdfe6ef8576f2238f2ba27dd0d55752a776c41d38b7da2850",
                "sha256:644837f692e5f550741432dd3f223bbb9852018674981b1664e5dc339387588a",
                "sha256:6bd0f6ad48ec2aa117d3d141940d484deccda84d4fcd884f5c3d93c23ecd8c79",
                "sha256:8ad8c4783bf61ded74527bffb48ed9b54166685e4230386a9ed9b1279e2df5b1"
            ],
            "version": "==1.1.6"
        },
        "flask": {
            "hashes": [
                "sha256:0749df235e3ff61ac108f69ac178c9770caeaccad2509cb762ce1f65570a8856",
                "sha256:49f44461237b69ecd901cc7ce66feea0319b9158743dd27a2899962ab214dac1"
            ],
            "index": "pypi",
            "version": "==0.12.2"
        },
        "flask-login": {
            "hashes": [
                "sha256:c815c1ac7b3e35e2081685e389a665f2c74d7e077cb93cecabaea352da4752ec"
            ],
            "index": "pypi",
            "version": "==0.4.1"
        },
        "flask-migrate": {
            "hashes": [
                "sha256:a361578cb829681f860e4de5ed2c48886264512f0c16144e404c36ddc95ab49c",
                "sha256:c24d105c5d6cc670de20f8cbfb909e04f4e04b8784d0df070005944de1f21549"
            ],
            "index": "pypi",
            "version": "==2.4.0"
        },
        "flask-restful": {
            "hashes": [
                "sha256:ecd620c5cc29f663627f99e04f17d1f16d095c83dc1d618426e2ad68b03092f8",
                "sha256:f8240ec12349afe8df1db168ea7c336c4e5b0271a36982bff7394f93275f2ca9"
            ],
            "index": "pypi",
            "version": "==0.3.7"
        },
        "flask-sqlalchemy": {
            "hashes": [
                "sha256:3bc0fac969dd8c0ace01b32060f0c729565293302f0c4269beed154b46bec50b",
                "sha256:5971b9852b5888655f11db634e87725a9031e170f37c0ce7851cf83497f56e53"
            ],
            "index": "pypi",
            "version": "==2.3.2"
        },
        "flask-wtf": {
            "hashes": [
                "sha256:5d14d55cfd35f613d99ee7cba0fc3fbbe63ba02f544d349158c14ca15561cc36",
                "sha256:d9a9e366b32dcbb98ef17228e76be15702cd2600675668bca23f63a7947fd5ac"
            ],
            "index": "pypi",
            "version": "==0.14.2"
        },
        "gunicorn": {
            "hashes": [
                "sha256:aa8e0b40b4157b36a5df5e599f45c9c76d6af43845ba3b3b0efe2c70473c2471",
                "sha256:fa2662097c66f920f53f70621c6c58ca4a3c4d3434205e608e121b5b3b71f4f3"
            ],
            "index": "pypi",
            "version": "==19.9.0"
        },
        "idna": {
            "hashes": [
                "sha256:2c6a5de3089009e3da7c5dde64a141dbc8551d5b7f6cf4ed7c2568d0cc520a8f",
                "sha256:8c7309c718f94b3a625cb648ace320157ad16ff131ae0af362c9f21b80ef6ec4"
            ],
            "version": "==2.6"
        },
        "itsdangerous": {
            "hashes": [
                "sha256:321b033d07f2a4136d3ec762eac9f16a10ccd60f53c0c91af90217ace7ba1f19",
                "sha256:b12271b2047cb23eeb98c8b5622e2e5c5e9abd9784a153e9d8ef9cb4dd09d749"
            ],
            "version": "==1.1.0"
        },
        "jinja2": {
            "hashes": [
                "sha256:74c935a1b8bb9a3947c50a54766a969d4846290e1e788ea44c1392163723c3bd",
                "sha256:f84be1bb0040caca4cea721fcbbbbd61f9be9464ca236387158b0feea01914a4"
            ],
            "version": "==2.10"
        },
        "mako": {
            "hashes": [
                "sha256:4e02fde57bd4abb5ec400181e4c314f56ac3e49ba4fb8b0d50bba18cb27d25ae"
            ],
            "version": "==1.0.7"
        },
        "markupsafe": {
            "hashes": [
                "sha256:048ef924c1623740e70204aa7143ec592504045ae4429b59c30054cb31e3c432",
                "sha256:130f844e7f5bdd8e9f3f42e7102ef1d49b2e6fdf0d7526df3f87281a532d8c8b",
                "sha256:19f637c2ac5ae9da8bfd98cef74d64b7e1bb8a63038a3505cd182c3fac5eb4d9",
                "sha256:1b8a7a87ad1b92bd887568ce54b23565f3fd7018c4180136e1cf412b405a47af",
                "sha256:1c25694ca680b6919de53a4bb3bdd0602beafc63ff001fea2f2fc16ec3a11834",
                "sha256:1f19ef5d3908110e1e891deefb5586aae1b49a7440db952454b4e281b41620cd",
                "sha256:1fa6058938190ebe8290e5cae6c351e14e7bb44505c4a7624555ce57fbbeba0d",
                "sha256:31cbb1359e8c25f9f48e156e59e2eaad51cd5242c05ed18a8de6dbe85184e4b7",
                "sha256:3e835d8841ae7863f64e40e19477f7eb398674da6a47f09871673742531e6f4b",
                "sha256:4e97332c9ce444b0c2c38dd22ddc61c743eb208d916e4265a2a3b575bdccb1d3",
                "sha256:525396ee324ee2da82919f2ee9c9e73b012f23e7640131dd1b53a90206a0f09c",
                "sha256:52b07fbc32032c21ad4ab060fec137b76eb804c4b9a1c7c7dc562549306afad2",
                "sha256:52ccb45e77a1085ec5461cde794e1aa037df79f473cbc69b974e73940655c8d7",
                "sha256:5c3fbebd7de20ce93103cb3183b47671f2885307df4a17a0ad56a1dd51273d36",
                "sha256:5e5851969aea17660e55f6a3be00037a25b96a9b44d2083651812c99d53b14d1",
                "sha256:5edfa27b2d3eefa2210fb2f5d539fbed81722b49f083b2c6566455eb7422fd7e",
                "sha256:7d263e5770efddf465a9e31b78362d84d015cc894ca2c131901a4445eaa61ee1",
                "sha256:83381342bfc22b3c8c06f2dd93a505413888694302de25add756254beee8449c",
                "sha256:857eebb2c1dc60e4219ec8e98dfa19553dae33608237e107db9c6078b1167856",
                "sha256:98e439297f78fca3a6169fd330fbe88d78b3bb72f967ad9961bcac0d7fdd1550",
                "sha256:bf54103892a83c64db58125b3f2a43df6d2cb2d28889f14c78519394feb41492",
                "sha256:d9ac82be533394d341b41d78aca7ed0e0f4ba5a2231602e2f05aa87f25c51672",
                "sha256:e982fe07ede9fada6ff6705af70514a52beb1b2c3d25d4e873e82114cf3c5401",
                "sha256:edce2ea7f3dfc981c4ddc97add8a61381d9642dc3273737e756517cc03e84dd6",
                "sha256:efdc45ef1afc238db84cb4963aa689c0408912a0239b0721cb172b4016eb31d6",
                "sha256:f137c02498f8b935892d5c0172560d7ab54bc45039de8805075e19079c639a9c",
                "sha256:f82e347a72f955b7017a39708a3667f106e6ad4d10b25f237396a7115d8ed5fd",
                "sha256:fb7c206e01ad85ce57feeaaa0bf784b97fa3cad0d4a5737bc5295785f5c613a1"
            ],
            "version": "==1.1.0"
        },
        "pycparser": {
            "hashes": [
                "sha256:a988718abfad80b6b157acce7bf130a30876d27603738ac39f140993246b25b3"
            ],
            "version": "==2.19"
        },
        "python-dateutil": {
            "hashes": [
                "sha256:7e6584c74aeed623791615e26efd690f29817a27c73085b78e4bad02493df2fb",
                "sha256:c89805f6f4d64db21ed966fda138f8a5ed7a4fdbc1a8ee329ce1b74e3c74da9e"
            ],
            "version": "==2.8.0"
        },
        "python-editor": {
            "hashes": [
                "sha256:1bf6e860a8ad52a14c3ee1252d5dc25b2030618ed80c022598f00176adc8367d",
                "sha256:51fda6bcc5ddbbb7063b2af7509e43bd84bfc32a4ff71349ec7847713882327b",
                "sha256:5f98b069316ea1c2ed3f67e7f5df6c0d8f10b689964a4a811ff64f0106819ec8"
            ],
            "version": "==1.0.4"
        },
        "pytz": {
            "hashes": [
                "sha256:32b0891edff07e28efe91284ed9c31e123d84bea3fd98e1f72be2508f43ef8d9",
                "sha256:d5f05e487007e29e03409f9398d074e158d920d36eb82eaf66fb1136b0c5374c"
            ],
            "version": "==2018.9"
        },
        "requests": {
            "hashes": [
                "sha256:6a1b267aa90cac58ac3a765d067950e7dbbf75b1da07e895d1f594193a40a38b",
                "sha256:9c443e7324ba5b85070c4a818ade28bfabedf16ea10206da1132edaa6dda237e"
            ],
            "index": "pypi",
            "version": "==2.18.4"
        },
        "six": {
            "hashes": [
                "sha256:3350809f0555b11f552448330d0b52d5f24c91a322ea4a15ef22629740f3761c",
                "sha256:d16a0141ec1a18405cd4ce8b4613101da75da0e9a7aec5bdd4fa804d0e0eba73"
            ],
            "version": "==1.12.0"
        },
        "sqlalchemy": {
            "hashes": [
                "sha256:8027fa183f5be466030617a497b2d64e0e16c8d615e5a34bdf9fab6f66bf4723"
            ],
            "version": "==1.2.18"
        },
        "urllib3": {
            "hashes": [
                "sha256:06330f386d6e4b195fbfc736b297f58c5a892e4440e54d294d7004e3a9bbea1b",
                "sha256:cc44da8e1145637334317feebd728bd869a35285b93cbb4cca2577da7e62db4f"
            ],
            "version": "==1.22"
        },
        "werkzeug": {
            "hashes": [
                "sha256:c3fd7a7d41976d9f44db327260e263132466836cef6f91512889ed60ad26557c",
                "sha256:d5da73735293558eb1651ee2fddc4d0dedcfa06538b8813a2e20011583c9e49b"
            ],
            "index": "pypi",
            "version": "==0.14.1"
        },
        "wtforms": {
            "hashes": [
                "sha256:0cdbac3e7f6878086c334aa25dc5a33869a3954e9d1e015130d65a69309b3b61",
                "sha256:e3ee092c827582c50877cdbd49e9ce6d2c5c1f6561f849b3b068c1b8029626f1"
            ],
            "index": "pypi",
            "version": "==2.2.1"
        }
    },
    "develop": {}
}
